// !$*UTF8*$!
{
	archiveVersion = 1;
	classes = {
	};
	objectVersion = 46;
	objects = {

/* Begin PBXBuildFile section */
		AA5F19551BF957D9009F421E /* AppDelegate.swift in Sources */ = {isa = PBXBuildFile; fileRef = AA5F19541BF957D9009F421E /* AppDelegate.swift */; };
		AA5F19571BF957D9009F421E /* ViewController.swift in Sources */ = {isa = PBXBuildFile; fileRef = AA5F19561BF957D9009F421E /* ViewController.swift */; };
		AA5F195A1BF957D9009F421E /* Main.storyboard in Resources */ = {isa = PBXBuildFile; fileRef = AA5F19581BF957D9009F421E /* Main.storyboard */; };
		AA5F195C1BF957D9009F421E /* Assets.xcassets in Resources */ = {isa = PBXBuildFile; fileRef = AA5F195B1BF957D9009F421E /* Assets.xcassets */; };
		AA5F195F1BF957D9009F421E /* LaunchScreen.storyboard in Resources */ = {isa = PBXBuildFile; fileRef = AA5F195D1BF957D9009F421E /* LaunchScreen.storyboard */; };
		AA5F196A1BF957D9009F421E /* __Hour_Swift_tutorialTests.swift in Sources */ = {isa = PBXBuildFile; fileRef = AA5F19691BF957D9009F421E /* __Hour_Swift_tutorialTests.swift */; };
		AA5F19751BF957D9009F421E /* __Hour_Swift_tutorialUITests.swift in Sources */ = {isa = PBXBuildFile; fileRef = AA5F19741BF957D9009F421E /* __Hour_Swift_tutorialUITests.swift */; };
/* End PBXBuildFile section */

/* Begin PBXContainerItemProxy section */
		AA5F19661BF957D9009F421E /* PBXContainerItemProxy */ = {
			isa = PBXContainerItemProxy;
			containerPortal = AA5F19491BF957D9009F421E /* Project object */;
			proxyType = 1;
			remoteGlobalIDString = AA5F19501BF957D9009F421E;
			remoteInfo = "1 Hour Swift tutorial";
		};
		AA5F19711BF957D9009F421E /* PBXContainerItemProxy */ = {
			isa = PBXContainerItemProxy;
			containerPortal = AA5F19491BF957D9009F421E /* Project object */;
			proxyType = 1;
			remoteGlobalIDString = AA5F19501BF957D9009F421E;
			remoteInfo = "1 Hour Swift tutorial";
		};
/* End PBXContainerItemProxy section */

/* Begin PBXFileReference section */
		AA5F19511BF957D9009F421E /* 1 Hour Swift tutorial.app */ = {isa = PBXFileReference; explicitFileType = wrapper.application; includeInIndex = 0; path = "1 Hour Swift tutorial.app"; sourceTree = BUILT_PRODUCTS_DIR; };
		AA5F19541BF957D9009F421E /* AppDelegate.swift */ = {isa = PBXFileReference; lastKnownFileType = sourcecode.swift; path = AppDelegate.swift; sourceTree = "<group>"; };
		AA5F19561BF957D9009F421E /* ViewController.swift */ = {isa = PBXFileReference; lastKnownFileType = sourcecode.swift; path = ViewController.swift; sourceTree = "<group>"; };
		AA5F19591BF957D9009F421E /* Base */ = {isa = PBXFileReference; lastKnownFileType = file.storyboard; name = Base; path = Base.lproj/Main.storyboard; sourceTree = "<group>"; };
		AA5F195B1BF957D9009F421E /* Assets.xcassets */ = {isa = PBXFileReference; lastKnownFileType = folder.assetcatalog; path = Assets.xcassets; sourceTree = "<group>"; };
		AA5F195E1BF957D9009F421E /* Base */ = {isa = PBXFileReference; lastKnownFileType = file.storyboard; name = Base; path = Base.lproj/LaunchScreen.storyboard; sourceTree = "<group>"; };
		AA5F19601BF957D9009F421E /* Info.plist */ = {isa = PBXFileReference; lastKnownFileType = text.plist.xml; path = Info.plist; sourceTree = "<group>"; };
		AA5F19651BF957D9009F421E /* 1 Hour Swift tutorialTests.xctest */ = {isa = PBXFileReference; explicitFileType = wrapper.cfbundle; includeInIndex = 0; path = "1 Hour Swift tutorialTests.xctest"; sourceTree = BUILT_PRODUCTS_DIR; };
		AA5F19691BF957D9009F421E /* __Hour_Swift_tutorialTests.swift */ = {isa = PBXFileReference; lastKnownFileType = sourcecode.swift; path = __Hour_Swift_tutorialTests.swift; sourceTree = "<group>"; };
		AA5F196B1BF957D9009F421E /* Info.plist */ = {isa = PBXFileReference; lastKnownFileType = text.plist.xml; path = Info.plist; sourceTree = "<group>"; };
		AA5F19701BF957D9009F421E /* 1 Hour Swift tutorialUITests.xctest */ = {isa = PBXFileReference; explicitFileType = wrapper.cfbundle; includeInIndex = 0; path = "1 Hour Swift tutorialUITests.xctest"; sourceTree = BUILT_PRODUCTS_DIR; };
		AA5F19741BF957D9009F421E /* __Hour_Swift_tutorialUITests.swift */ = {isa = PBXFileReference; lastKnownFileType = sourcecode.swift; path = __Hour_Swift_tutorialUITests.swift; sourceTree = "<group>"; };
		AA5F19761BF957D9009F421E /* Info.plist */ = {isa = PBXFileReference; lastKnownFileType = text.plist.xml; path = Info.plist; sourceTree = "<group>"; };
/* End PBXFileReference section */

/* Begin PBXFrameworksBuildPhase section */
		AA5F194E1BF957D9009F421E /* Frameworks */ = {
			isa = PBXFrameworksBuildPhase;
			buildActionMask = 2147483647;
			files = (
			);
			runOnlyForDeploymentPostprocessing = 0;
		};
		AA5F19621BF957D9009F421E /* Frameworks */ = {
			isa = PBXFrameworksBuildPhase;
			buildActionMask = 2147483647;
			files = (
			);
			runOnlyForDeploymentPostprocessing = 0;
		};
		AA5F196D1BF957D9009F421E /* Frameworks */ = {
			isa = PBXFrameworksBuildPhase;
			buildActionMask = 2147483647;
			files = (
			);
			runOnlyForDeploymentPostprocessing = 0;
		};
/* End PBXFrameworksBuildPhase section */

/* Begin PBXGroup section */
		AA5F19481BF957D9009F421E = {
			isa = PBXGroup;
			children = (
				AA5F19531BF957D9009F421E /* 1 Hour Swift tutorial */,
				AA5F19681BF957D9009F421E /* 1 Hour Swift tutorialTests */,
				AA5F19731BF957D9009F421E /* 1 Hour Swift tutorialUITests */,
				AA5F19521BF957D9009F421E /* Products */,
			);
			sourceTree = "<group>";
		};
		AA5F19521BF957D9009F421E /* Products */ = {
			isa = PBXGroup;
			children = (
				AA5F19511BF957D9009F421E /* 1 Hour Swift tutorial.app */,
				AA5F19651BF957D9009F421E /* 1 Hour Swift tutorialTests.xctest */,
				AA5F19701BF957D9009F421E /* 1 Hour Swift tutorialUITests.xctest */,
			);
			name = Products;
			sourceTree = "<group>";
		};
		AA5F19531BF957D9009F421E /* 1 Hour Swift tutorial */ = {
			isa = PBXGroup;
			children = (
				AA5F19541BF957D9009F421E /* AppDelegate.swift */,
				AA5F19561BF957D9009F421E /* ViewController.swift */,
				AA5F19581BF957D9009F421E /* Main.storyboard */,
				AA5F195B1BF957D9009F421E /* Assets.xcassets */,
				AA5F195D1BF957D9009F421E /* LaunchScreen.storyboard */,
				AA5F19601BF957D9009F421E /* Info.plist */,
			);
			path = "1 Hour Swift tutorial";
			sourceTree = "<group>";
		};
		AA5F19681BF957D9009F421E /* 1 Hour Swift tutorialTests */ = {
			isa = PBXGroup;
			children = (
				AA5F19691BF957D9009F421E /* __Hour_Swift_tutorialTests.swift */,
				AA5F196B1BF957D9009F421E /* Info.plist */,
			);
			path = "1 Hour Swift tutorialTests";
			sourceTree = "<group>";
		};
		AA5F19731BF957D9009F421E /* 1 Hour Swift tutorialUITests */ = {
			isa = PBXGroup;
			children = (
				AA5F19741BF957D9009F421E /* __Hour_Swift_tutorialUITests.swift */,
				AA5F19761BF957D9009F421E /* Info.plist */,
			);
			path = "1 Hour Swift tutorialUITests";
			sourceTree = "<group>";
		};
/* End PBXGroup section */

/* Begin PBXNativeTarget section */
		AA5F19501BF957D9009F421E /* 1 Hour Swift tutorial */ = {
			isa = PBXNativeTarget;
			buildConfigurationList = AA5F19791BF957D9009F421E /* Build configuration list for PBXNativeTarget "1 Hour Swift tutorial" */;
			buildPhases = (
				AA5F194D1BF957D9009F421E /* Sources */,
				AA5F194E1BF957D9009F421E /* Frameworks */,
				AA5F194F1BF957D9009F421E /* Resources */,
			);
			buildRules = (
			);
			dependencies = (
			);
			name = "1 Hour Swift tutorial";
			productName = "1 Hour Swift tutorial";
			productReference = AA5F19511BF957D9009F421E /* 1 Hour Swift tutorial.app */;
			productType = "com.apple.product-type.application";
		};
		AA5F19641BF957D9009F421E /* 1 Hour Swift tutorialTests */ = {
			isa = PBXNativeTarget;
			buildConfigurationList = AA5F197C1BF957D9009F421E /* Build configuration list for PBXNativeTarget "1 Hour Swift tutorialTests" */;
			buildPhases = (
				AA5F19611BF957D9009F421E /* Sources */,
				AA5F19621BF957D9009F421E /* Frameworks */,
				AA5F19631BF957D9009F421E /* Resources */,
			);
			buildRules = (
			);
			dependencies = (
				AA5F19671BF957D9009F421E /* PBXTargetDependency */,
			);
			name = "1 Hour Swift tutorialTests";
			productName = "1 Hour Swift tutorialTests";
			productReference = AA5F19651BF957D9009F421E /* 1 Hour Swift tutorialTests.xctest */;
			productType = "com.apple.product-type.bundle.unit-test";
		};
		AA5F196F1BF957D9009F421E /* 1 Hour Swift tutorialUITests */ = {
			isa = PBXNativeTarget;
			buildConfigurationList = AA5F197F1BF957D9009F421E /* Build configuration list for PBXNativeTarget "1 Hour Swift tutorialUITests" */;
			buildPhases = (
				AA5F196C1BF957D9009F421E /* Sources */,
				AA5F196D1BF957D9009F421E /* Frameworks */,
				AA5F196E1BF957D9009F421E /* Resources */,
			);
			buildRules = (
			);
			dependencies = (
				AA5F19721BF957D9009F421E /* PBXTargetDependency */,
			);
			name = "1 Hour Swift tutorialUITests";
			productName = "1 Hour Swift tutorialUITests";
			productReference = AA5F19701BF957D9009F421E /* 1 Hour Swift tutorialUITests.xctest */;
			productType = "com.apple.product-type.bundle.ui-testing";
		};
/* End PBXNativeTarget section */

/* Begin PBXProject section */
		AA5F19491BF957D9009F421E /* Project object */ = {
			isa = PBXProject;
			attributes = {
				LastSwiftUpdateCheck = 0710;
				LastUpgradeCheck = 0710;
				ORGANIZATIONNAME = "Santosh Beyagudem";
				TargetAttributes = {
					AA5F19501BF957D9009F421E = {
						CreatedOnToolsVersion = 7.1.1;
					};
					AA5F19641BF957D9009F421E = {
						CreatedOnToolsVersion = 7.1.1;
						TestTargetID = AA5F19501BF957D9009F421E;
					};
					AA5F196F1BF957D9009F421E = {
						CreatedOnToolsVersion = 7.1.1;
						TestTargetID = AA5F19501BF957D9009F421E;
					};
				};
			};
			buildConfigurationList = AA5F194C1BF957D9009F421E /* Build configuration list for PBXProject "1 Hour Swift tutorial" */;
			compatibilityVersion = "Xcode 3.2";
			developmentRegion = English;
			hasScannedForEncodings = 0;
			knownRegions = (
				en,
				Base,
			);
			mainGroup = AA5F19481BF957D9009F421E;
			productRefGroup = AA5F19521BF957D9009F421E /* Products */;
			projectDirPath = "";
			projectRoot = "";
			targets = (
				AA5F19501BF957D9009F421E /* 1 Hour Swift tutorial */,
				AA5F19641BF957D9009F421E /* 1 Hour Swift tutorialTests */,
				AA5F196F1BF957D9009F421E /* 1 Hour Swift tutorialUITests */,
			);
		};
/* End PBXProject section */

/* Begin PBXResourcesBuildPhase section */
		AA5F194F1BF957D9009F421E /* Resources */ = {
			isa = PBXResourcesBuildPhase;
			buildActionMask = 2147483647;
			files = (
				AA5F195F1BF957D9009F421E /* LaunchScreen.storyboard in Resources */,
				AA5F195C1BF957D9009F421E /* Assets.xcassets in Resources */,
				AA5F195A1BF957D9009F421E /* Main.storyboard in Resources */,
			);
			runOnlyForDeploymentPostprocessing = 0;
		};
		AA5F19631BF957D9009F421E /* Resources */ = {
			isa = PBXResourcesBuildPhase;
			buildActionMask = 2147483647;
			files = (
			);
			runOnlyForDeploymentPostprocessing = 0;
		};
		AA5F196E1BF957D9009F421E /* Resources */ = {
			isa = PBXResourcesBuildPhase;
			buildActionMask = 2147483647;
			files = (
			);
			runOnlyForDeploymentPostprocessing = 0;
		};
/* End PBXResourcesBuildPhase section */

/* Begin PBXSourcesBuildPhase section */
		AA5F194D1BF957D9009F421E /* Sources */ = {
			isa = PBXSourcesBuildPhase;
			buildActionMask = 2147483647;
			files = (
				AA5F19571BF957D9009F421E /* ViewController.swift in Sources */,
				AA5F19551BF957D9009F421E /* AppDelegate.swift in Sources */,
			);
			runOnlyForDeploymentPostprocessing = 0;
		};
		AA5F19611BF957D9009F421E /* Sources */ = {
			isa = PBXSourcesBuildPhase;
			buildActionMask = 2147483647;
			files = (
				AA5F196A1BF957D9009F421E /* __Hour_Swift_tutorialTests.swift in Sources */,
			);
			runOnlyForDeploymentPostprocessing = 0;
		};
		AA5F196C1BF957D9009F421E /* Sources */ = {
			isa = PBXSourcesBuildPhase;
			buildActionMask = 2147483647;
			files = (
				AA5F19751BF957D9009F421E /* __Hour_Swift_tutorialUITests.swift in Sources */,
			);
			runOnlyForDeploymentPostprocessing = 0;
		};
/* End PBXSourcesBuildPhase section */

/* Begin PBXTargetDependency section */
		AA5F19671BF957D9009F421E /* PBXTargetDependency */ = {
			isa = PBXTargetDependency;
			target = AA5F19501BF957D9009F421E /* 1 Hour Swift tutorial */;
			targetProxy = AA5F19661BF957D9009F421E /* PBXContainerItemProxy */;
		};
		AA5F19721BF957D9009F421E /* PBXTargetDependency */ = {
			isa = PBXTargetDependency;
			target = AA5F19501BF957D9009F421E /* 1 Hour Swift tutorial */;
			targetProxy = AA5F19711BF957D9009F421E /* PBXContainerItemProxy */;
		};
/* End PBXTargetDependency section */

/* Begin PBXVariantGroup section */
		AA5F19581BF957D9009F421E /* Main.storyboard */ = {
			isa = PBXVariantGroup;
			children = (
				AA5F19591BF957D9009F421E /* Base */,
			);
			name = Main.storyboard;
			sourceTree = "<group>";
		};
		AA5F195D1BF957D9009F421E /* LaunchScreen.storyboard */ = {
			isa = PBXVariantGroup;
			children = (
				AA5F195E1BF957D9009F421E /* Base */,
			);
			name = LaunchScreen.storyboard;
			sourceTree = "<group>";
		};
/* End PBXVariantGroup section */

/* Begin XCBuildConfiguration section */
		AA5F19771BF957D9009F421E /* Debug */ = {
			isa = XCBuildConfiguration;
			buildSettings = {
				ALWAYS_SEARCH_USER_PATHS = NO;
				CLANG_CXX_LANGUAGE_STANDARD = "gnu++0x";
				CLANG_CXX_LIBRARY = "libc++";
				CLANG_ENABLE_MODULES = YES;
				CLANG_ENABLE_OBJC_ARC = YES;
				CLANG_WARN_BOOL_CONVERSION = YES;
				CLANG_WARN_CONSTANT_CONVERSION = YES;
				CLANG_WARN_DIRECT_OBJC_ISA_USAGE = YES_ERROR;
				CLANG_WARN_EMPTY_BODY = YES;
				CLANG_WARN_ENUM_CONVERSION = YES;
				CLANG_WARN_INT_CONVERSION = YES;
				CLANG_WARN_OBJC_ROOT_CLASS = YES_ERROR;
				CLANG_WARN_UNREACHABLE_CODE = YES;
				CLANG_WARN__DUPLICATE_METHOD_MATCH = YES;
				"CODE_SIGN_IDENTITY[sdk=iphoneos*]" = "iPhone Developer";
				COPY_PHASE_STRIP = NO;
				DEBUG_INFORMATION_FORMAT = dwarf;
				ENABLE_STRICT_OBJC_MSGSEND = YES;
				ENABLE_TESTABILITY = YES;
				GCC_C_LANGUAGE_STANDARD = gnu99;
				GCC_DYNAMIC_NO_PIC = NO;
				GCC_NO_COMMON_BLOCKS = YES;
				GCC_OPTIMIZATION_LEVEL = 0;
				GCC_PREPROCESSOR_DEFINITIONS = (
					"DEBUG=1",
					"$(inherited)",
				);
				GCC_WARN_64_TO_32_BIT_CONVERSION = YES;
				GCC_WARN_ABOUT_RETURN_TYPE = YES_ERROR;
				GCC_WARN_UNDECLARED_SELECTOR = YES;
				GCC_WARN_UNINITIALIZED_AUTOS = YES_AGGRESSIVE;
				GCC_WARN_UNUSED_FUNCTION = YES;
				GCC_WARN_UNUSED_VARIABLE = YES;
				IPHONEOS_DEPLOYMENT_TARGET = 9.1;
				MTL_ENABLE_DEBUG_INFO = YES;
				ONLY_ACTIVE_ARCH = YES;
				SDKROOT = iphoneos;
				SWIFT_OPTIMIZATION_LEVEL = "-Onone";
				TARGETED_DEVICE_FAMILY = 2;
			};
			name = Debug;
		};
		AA5F19781BF957D9009F421E /* Release */ = {
			isa = XCBuildConfiguration;
			buildSettings = {
				ALWAYS_SEARCH_USER_PATHS = NO;
				CLANG_CXX_LANGUAGE_STANDARD = "gnu++0x";
				CLANG_CXX_LIBRARY = "libc++";
				CLANG_ENABLE_MODULES = YES;
				CLANG_ENABLE_OBJC_ARC = YES;
				CLANG_WARN_BOOL_CONVERSION = YES;
				CLANG_WARN_CONSTANT_CONVERSION = YES;
				CLANG_WARN_DIRECT_OBJC_ISA_USAGE = YES_ERROR;
				CLANG_WARN_EMPTY_BODY = YES;
				CLANG_WARN_ENUM_CONVERSION = YES;
				CLANG_WARN_INT_CONVERSION = YES;
				CLANG_WARN_OBJC_ROOT_CLASS = YES_ERROR;
				CLANG_WARN_UNREACHABLE_CODE = YES;
				CLANG_WARN__DUPLICATE_METHOD_MATCH = YES;
				"CODE_SIGN_IDENTITY[sdk=iphoneos*]" = "iPhone Developer";
				COPY_PHASE_STRIP = NO;
				DEBUG_INFORMATION_FORMAT = "dwarf-with-dsym";
				ENABLE_NS_ASSERTIONS = NO;
				ENABLE_STRICT_OBJC_MSGSEND = YES;
				GCC_C_LANGUAGE_STANDARD = gnu99;
				GCC_NO_COMMON_BLOCKS = YES;
				GCC_WARN_64_TO_32_BIT_CONVERSION = YES;
				GCC_WARN_ABOUT_RETURN_TYPE = YES_ERROR;
				GCC_WARN_UNDECLARED_SELECTOR = YES;
				GCC_WARN_UNINITIALIZED_AUTOS = YES_AGGRESSIVE;
				GCC_WARN_UNUSED_FUNCTION = YES;
				GCC_WARN_UNUSED_VARIABLE = YES;
				IPHONEOS_DEPLOYMENT_TARGET = 9.1;
				MTL_ENABLE_DEBUG_INFO = NO;
				SDKROOT = iphoneos;
				TARGETED_DEVICE_FAMILY = 2;
				VALIDATE_PRODUCT = YES;
			};
			name = Release;
		};
		AA5F197A1BF957D9009F421E /* Debug */ = {
			isa = XCBuildConfiguration;
			buildSettings = {
				ASSETCATALOG_COMPILER_APPICON_NAME = AppIcon;
				INFOPLIST_FILE = "1 Hour Swift tutorial/Info.plist";
				LD_RUNPATH_SEARCH_PATHS = "$(inherited) @executable_path/Frameworks";
				PRODUCT_BUNDLE_IDENTIFIER = "com.beyasoft.--Hour-Swift-tutorial";
				PRODUCT_NAME = "$(TARGET_NAME)";
			};
			name = Debug;
		};
		AA5F197B1BF957D9009F421E /* Release */ = {
			isa = XCBuildConfiguration;
			buildSettings = {
				ASSETCATALOG_COMPILER_APPICON_NAME = AppIcon;
				INFOPLIST_FILE = "1 Hour Swift tutorial/Info.plist";
				LD_RUNPATH_SEARCH_PATHS = "$(inherited) @executable_path/Frameworks";
				PRODUCT_BUNDLE_IDENTIFIER = "com.beyasoft.--Hour-Swift-tutorial";
				PRODUCT_NAME = "$(TARGET_NAME)";
			};
			name = Release;
		};
		AA5F197D1BF957D9009F421E /* Debug */ = {
			isa = XCBuildConfiguration;
			buildSettings = {
				BUNDLE_LOADER = "$(TEST_HOST)";
				INFOPLIST_FILE = "1 Hour Swift tutorialTests/Info.plist";
				LD_RUNPATH_SEARCH_PATHS = "$(inherited) @executable_path/Frameworks @loader_path/Frameworks";
				PRODUCT_BUNDLE_IDENTIFIER = "com.beyasoft.--Hour-Swift-tutorialTests";
				PRODUCT_NAME = "$(TARGET_NAME)";
				TEST_HOST = "$(BUILT_PRODUCTS_DIR)/1 Hour Swift tutorial.app/1 Hour Swift tutorial";
			};
			name = Debug;
		};
		AA5F197E1BF957D9009F421E /* Release */ = {
			isa = XCBuildConfiguration;
			buildSettings = {
				BUNDLE_LOADER = "$(TEST_HOST)";
				INFOPLIST_FILE = "1 Hour Swift tutorialTests/Info.plist";
				LD_RUNPATH_SEARCH_PATHS = "$(inherited) @executable_path/Frameworks @loader_path/Frameworks";
				PRODUCT_BUNDLE_IDENTIFIER = "com.beyasoft.--Hour-Swift-tutorialTests";
				PRODUCT_NAME = "$(TARGET_NAME)";
				TEST_HOST = "$(BUILT_PRODUCTS_DIR)/1 Hour Swift tutorial.app/1 Hour Swift tutorial";
			};
			name = Release;
		};
		AA5F19801BF957D9009F421E /* Debug */ = {
			isa = XCBuildConfiguration;
			buildSettings = {
				INFOPLIST_FILE = "1 Hour Swift tutorialUITests/Info.plist";
				LD_RUNPATH_SEARCH_PATHS = "$(inherited) @executable_path/Frameworks @loader_path/Frameworks";
				PRODUCT_BUNDLE_IDENTIFIER = "com.beyasoft.--Hour-Swift-tutorialUITests";
				PRODUCT_NAME = "$(TARGET_NAME)";
				TEST_TARGET_NAME = "1 Hour Swift tutorial";
				USES_XCTRUNNER = YES;
			};
			name = Debug;
		};
		AA5F19811BF957D9009F421E /* Release */ = {
			isa = XCBuildConfiguration;
			buildSettings = {
				INFOPLIST_FILE = "1 Hour Swift tutorialUITests/Info.plist";
				LD_RUNPATH_SEARCH_PATHS = "$(inherited) @executable_path/Frameworks @loader_path/Frameworks";
				PRODUCT_BUNDLE_IDENTIFIER = "com.beyasoft.--Hour-Swift-tutorialUITests";
				PRODUCT_NAME = "$(TARGET_NAME)";
				TEST_TARGET_NAME = "1 Hour Swift tutorial";
				USES_XCTRUNNER = YES;
			};
			name = Release;
		};
/* End XCBuildConfiguration section */

/* Begin XCConfigurationList section */
		AA5F194C1BF957D9009F421E /* Build configuration list for PBXProject "1 Hour Swift tutorial" */ = {
			isa = XCConfigurationList;
			buildConfigurations = (
				AA5F19771BF957D9009F421E /* Debug */,
				AA5F19781BF957D9009F421E /* Release */,
			);
			defaultConfigurationIsVisible = 0;
			defaultConfigurationName = Release;
		};
		AA5F19791BF957D9009F421E /* Build configuration list for PBXNativeTarget "1 Hour Swift tutorial" */ = {
			isa = XCConfigurationList;
			buildConfigurations = (
				AA5F197A1BF957D9009F421E /* Debug */,
				AA5F197B1BF957D9009F421E /* Release */,
			);
			defaultConfigurationIsVisible = 0;
		};
		AA5F197C1BF957D9009F421E /* Build configuration list for PBXNativeTarget "1 Hour Swift tutorialTests" */ = {
			isa = XCConfigurationList;
			buildConfigurations = (
				AA5F197D1BF957D9009F421E /* Debug */,
				AA5F197E1BF957D9009F421E /* Release */,
			);
			defaultConfigurationIsVisible = 0;
		};
		AA5F197F1BF957D9009F421E /* Build configuration list for PBXNativeTarget "1 Hour Swift tutorialUITests" */ = {
			isa = XCConfigurationList;
			buildConfigurations = (
				AA5F19801BF957D9009F421E /* Debug */,
				AA5F19811BF957D9009F421E /* Release */,
			);
			defaultConfigurationIsVisible = 0;
		};
/* End XCConfigurationList section */
	};
	rootObject = AA5F19491BF957D9009F421E /* Project object */;
}
